
Microsoft Visual Studio Solution File, Format Version 12.00
# Visual Studio 15
VisualStudioVersion = 15.0.27703.2035
MinimumVisualStudioVersion = 10.0.40219.1
Project("{FAE04EC0-301F-11D3-BF4B-00C04F79EFBC}") = "Sudoku_Solver", "Sudoku_Solver\Sudoku_Solver.csproj", "{924E159A-2478-420E-9D61-8279F7539699}"
EndProject
Global
	GlobalSection(SolutionConfigurationPlatforms) = preSolution
		Debug|Any CPU = Debug|Any CPU
		Release|Any CPU = Release|Any CPU
	EndGlobalSection
	GlobalSection(ProjectConfigurationPlatforms) = postSolution
		{924E159A-2478-420E-9D61-8279F7539699}.Debug|Any CPU.ActiveCfg = Debug|Any CPU
		{924E159A-2478-420E-9D61-8279F7539699}.Debug|Any CPU.Build.0 = Debug|Any CPU
		{924E159A-2478-420E-9D61-8279F7539699}.Release|Any CPU.ActiveCfg = Release|Any CPU
		{924E159A-2478-420E-9D61-8279F7539699}.Release|Any CPU.Build.0 = Release|Any CPU
	EndGlobalSection
	GlobalSection(SolutionProperties) = preSolution
		HideSolutionNode = FALSE
	EndGlobalSection
	GlobalSection(ExtensibilityGlobals) = postSolution
		SolutionGuid = {AA4F197A-6C56-479D-AA6E-34BAA2A1E348}
	EndGlobalSection
EndGlobal
